
Microsoft Visual Studio Solution File, Format Version 12.00
# Visual Studio 15
VisualStudioVersion = 15.0.27703.2035
MinimumVisualStudioVersion = 10.0.40219.1
Project("{FAE04EC0-301F-11D3-BF4B-00C04F79EFBC}") = "EpiIServiceCollection", "EpiIServiceCollection\EpiIServiceCollection.csproj", "{91AE079C-33CF-47C7-B8FD-DEC139F999AE}"
EndProject
Global
	GlobalSection(SolutionConfigurationPlatforms) = preSolution
		Debug|Any CPU = Debug|Any CPU
		Release|Any CPU = Release|Any CPU
	EndGlobalSection
	GlobalSection(ProjectConfigurationPlatforms) = postSolution
		{91AE079C-33CF-47C7-B8FD-DEC139F999AE}.Debug|Any CPU.ActiveCfg = Debug|Any CPU
		{91AE079C-33CF-47C7-B8FD-DEC139F999AE}.Debug|Any CPU.Build.0 = Debug|Any CPU
		{91AE079C-33CF-47C7-B8FD-DEC139F999AE}.Release|Any CPU.ActiveCfg = Release|Any CPU
		{91AE079C-33CF-47C7-B8FD-DEC139F999AE}.Release|Any CPU.Build.0 = Release|Any CPU
	EndGlobalSection
	GlobalSection(SolutionProperties) = preSolution
		HideSolutionNode = FALSE
	EndGlobalSection
	GlobalSection(ExtensibilityGlobals) = postSolution
		SolutionGuid = {5940E75E-33A4-483D-90BE-AB642E4DB7D3}
	EndGlobalSection
EndGlobal
